
Microsoft Visual Studio Solution File, Format Version 12.00
# Visual Studio Version 17
VisualStudioVersion = 17.4.33403.182
MinimumVisualStudioVersion = 10.0.40219.1
Project("{8BC9CEB8-8B4A-11D0-8D11-00A0C91BC942}") = "UwpDumper", "UwpDumper\UwpDumper.vcxproj", "{047CAF25-5012-4A37-B9E5-834842BCC959}"
EndProject
Project("{FAE04EC0-301F-11D3-BF4B-00C04F79EFBC}") = "UwpDumperConsole", "UwpDumperConsole\UwpDumperConsole.csproj", "{7C380859-C28D-4102-91A0-9F055A270504}"
EndProject
Global
	GlobalSection(SolutionConfigurationPlatforms) = preSolution
		Debug|Any CPU = Debug|Any CPU
		Debug|x64 = Debug|x64
		Debug|x86 = Debug|x86
		Release|Any CPU = Release|Any CPU
		Release|x64 = Release|x64
		Release|x86 = Release|x86
	EndGlobalSection
	GlobalSection(ProjectConfigurationPlatforms) = postSolution
		{047CAF25-5012-4A37-B9E5-834842BCC959}.Debug|Any CPU.ActiveCfg = Debug|x64
		{047CAF25-5012-4A37-B9E5-834842BCC959}.Debug|Any CPU.Build.0 = Debug|x64
		{047CAF25-5012-4A37-B9E5-834842BCC959}.Debug|x64.ActiveCfg = Debug|x64
		{047CAF25-5012-4A37-B9E5-834842BCC959}.Debug|x64.Build.0 = Debug|x64
		{047CAF25-5012-4A37-B9E5-834842BCC959}.Debug|x86.ActiveCfg = Debug|Win32
		{047CAF25-5012-4A37-B9E5-834842BCC959}.Debug|x86.Build.0 = Debug|Win32
		{047CAF25-5012-4A37-B9E5-834842BCC959}.Release|Any CPU.ActiveCfg = Release|x64
		{047CAF25-5012-4A37-B9E5-834842BCC959}.Release|Any CPU.Build.0 = Release|x64
		{047CAF25-5012-4A37-B9E5-834842BCC959}.Release|x64.ActiveCfg = Release|x64
		{047CAF25-5012-4A37-B9E5-834842BCC959}.Release|x64.Build.0 = Release|x64
		{047CAF25-5012-4A37-B9E5-834842BCC959}.Release|x86.ActiveCfg = Release|Win32
		{047CAF25-5012-4A37-B9E5-834842BCC959}.Release|x86.Build.0 = Release|Win32
		{7C380859-C28D-4102-91A0-9F055A270504}.Debug|Any CPU.ActiveCfg = Debug|Any CPU
		{7C380859-C28D-4102-91A0-9F055A270504}.Debug|Any CPU.Build.0 = Debug|Any CPU
		{7C380859-C28D-4102-91A0-9F055A270504}.Debug|x64.ActiveCfg = Debug|Any CPU
		{7C380859-C28D-4102-91A0-9F055A270504}.Debug|x64.Build.0 = Debug|Any CPU
		{7C380859-C28D-4102-91A0-9F055A270504}.Debug|x86.ActiveCfg = Debug|Any CPU
		{7C380859-C28D-4102-91A0-9F055A270504}.Debug|x86.Build.0 = Debug|Any CPU
		{7C380859-C28D-4102-91A0-9F055A270504}.Release|Any CPU.ActiveCfg = Release|Any CPU
		{7C380859-C28D-4102-91A0-9F055A270504}.Release|Any CPU.Build.0 = Release|Any CPU
		{7C380859-C28D-4102-91A0-9F055A270504}.Release|x64.ActiveCfg = Release|Any CPU
		{7C380859-C28D-4102-91A0-9F055A270504}.Release|x64.Build.0 = Release|Any CPU
		{7C380859-C28D-4102-91A0-9F055A270504}.Release|x86.ActiveCfg = Release|Any CPU
		{7C380859-C28D-4102-91A0-9F055A270504}.Release|x86.Build.0 = Release|Any CPU
	EndGlobalSection
	GlobalSection(SolutionProperties) = preSolution
		HideSolutionNode = FALSE
	EndGlobalSection
	GlobalSection(ExtensibilityGlobals) = postSolution
		SolutionGuid = {A038F4FA-417B-4527-8A75-EFC28B11C0FF}
	EndGlobalSection
EndGlobal
